<Solution>
  <Folder Name="/src/">
    <Project Path="src/RetroVibe.Api/RetroVibe.Api.csproj" />
    <Project Path="src/RetroVibe.Application/RetroVibe.Application.csproj" />
    <Project Path="src/RetroVibe.Domain/RetroVibe.Domain.csproj" />
    <Project Path="src/RetroVibe.Infrastructure/RetroVibe.Infrastructure.csproj" />
  </Folder>
  <Folder Name="/tests/">
    <Project Path="tests/RetroVibe.Api.IntegrationTests/RetroVibe.Api.IntegrationTests.csproj" />
  </Folder>
</Solution>
